
Microsoft Visual Studio Solution File, Format Version 12.00
# Visual Studio 15
VisualStudioVersion = 15.0.28307.421
MinimumVisualStudioVersion = 10.0.40219.1
Project("{FAE04EC0-301F-11D3-BF4B-00C04F79EFBC}") = "DrunkMice", "DrunkMice\DrunkMice.csproj", "{B3216650-2C46-4A26-9609-E703361996BE}"
EndProject
Global
	GlobalSection(SolutionConfigurationPlatforms) = preSolution
		Debug|Any CPU = Debug|Any CPU
		Release|Any CPU = Release|Any CPU
	EndGlobalSection
	GlobalSection(ProjectConfigurationPlatforms) = postSolution
		{B3216650-2C46-4A26-9609-E703361996BE}.Debug|Any CPU.ActiveCfg = Debug|Any CPU
		{B3216650-2C46-4A26-9609-E703361996BE}.Debug|Any CPU.Build.0 = Debug|Any CPU
		{B3216650-2C46-4A26-9609-E703361996BE}.Release|Any CPU.ActiveCfg = Release|Any CPU
		{B3216650-2C46-4A26-9609-E703361996BE}.Release|Any CPU.Build.0 = Release|Any CPU
	EndGlobalSection
	GlobalSection(SolutionProperties) = preSolution
		HideSolutionNode = FALSE
	EndGlobalSection
	GlobalSection(ExtensibilityGlobals) = postSolution
		SolutionGuid = {C10EFD4D-EDAF-49E5-8B79-014C298E5DD2}
	EndGlobalSection
EndGlobal
